
Microsoft Visual Studio Solution File, Format Version 12.00
# Visual Studio Version 17
VisualStudioVersion = 17.7.34018.315
MinimumVisualStudioVersion = 10.0.40219.1
Project("{9A19103F-16F7-4668-BE54-9A1E7A4F7556}") = "HotelGuestVerifyByPolice_CMS", "HotelGuestVerifyByPolice_CMS\HotelGuestVerifyByPolice_CMS.csproj", "{E53FA34F-9C50-4BD1-894F-58464353C0F2}"
EndProject
Global
	GlobalSection(SolutionConfigurationPlatforms) = preSolution
		Debug|Any CPU = Debug|Any CPU
		Release|Any CPU = Release|Any CPU
	EndGlobalSection
	GlobalSection(ProjectConfigurationPlatforms) = postSolution
		{E53FA34F-9C50-4BD1-894F-58464353C0F2}.Debug|Any CPU.ActiveCfg = Debug|Any CPU
		{E53FA34F-9C50-4BD1-894F-58464353C0F2}.Debug|Any CPU.Build.0 = Debug|Any CPU
		{E53FA34F-9C50-4BD1-894F-58464353C0F2}.Release|Any CPU.ActiveCfg = Release|Any CPU
		{E53FA34F-9C50-4BD1-894F-58464353C0F2}.Release|Any CPU.Build.0 = Release|Any CPU
	EndGlobalSection
	GlobalSection(SolutionProperties) = preSolution
		HideSolutionNode = FALSE
	EndGlobalSection
	GlobalSection(ExtensibilityGlobals) = postSolution
		SolutionGuid = {C5ACA7AF-EC67-4D58-81E8-36C3D69A8EF3}
	EndGlobalSection
EndGlobal
